# THIS IS AN AUTOGENERATED FILE. DO NOT EDIT THIS FILE DIRECTLY.
# yarn lockfile v1


"@napi-rs/magic-string-android-arm-eabi@0.3.4":
  version "0.3.4"
  resolved "https://registry.yarnpkg.com/@napi-rs/magic-string-android-arm-eabi/-/magic-string-android-arm-eabi-0.3.4.tgz#bce4998f7c07efbd3d110c64b10fd5a794fb1cdf"
  integrity sha512-sszAYxqtzzJ4FDerDNHcqL9NhqPhj8W4DNiOanXYy50mA5oojlRtaAFPiB5ZMrWDBM32v5Q30LrmxQ4eTtu2Dg==

"@napi-rs/magic-string-android-arm64@0.3.4":
  version "0.3.4"
  resolved "https://registry.yarnpkg.com/@napi-rs/magic-string-android-arm64/-/magic-string-android-arm64-0.3.4.tgz#635d484c129ed606f2cb1887bfd3e1265f7fd463"
  integrity sha512-jdQ6HuO0X5rkX4MauTcWR4HWdgjakTOmmzqXg8L26+jOHVVG1LZE+Su5qvV4bP8vMb2h+vPE+JsnwqSmWymu3Q==

"@napi-rs/magic-string-darwin-arm64@0.3.4":
  version "0.3.4"
  resolved "https://registry.yarnpkg.com/@napi-rs/magic-string-darwin-arm64/-/magic-string-darwin-arm64-0.3.4.tgz#356f37d0460ce8a2921e41e6772725bbb8bf551a"
  integrity sha512-6NmMtvURce9/oq09XBZmuIeI6lPLGtEJ2ZPO/QzL3nLZa6wygiCnO/sFACKYNg5/73ET5HMMTeuogE1JI+r2Lw==

"@napi-rs/magic-string-darwin-x64@0.3.4":
  version "0.3.4"
  resolved "https://registry.yarnpkg.com/@napi-rs/magic-string-darwin-x64/-/magic-string-darwin-x64-0.3.4.tgz#4d45ca902546b52a0dd41c1c8647967575ba4c01"
  integrity sha512-f9LmfMiUAKDOtl0meOuLYeVb6OERrgGzrTg1Tn3R3fTAShM2kxRbfAuPE9ljuXxIFzOv/uqRNLSl/LqCJwpREA==

"@napi-rs/magic-string-freebsd-x64@0.3.4":
  version "0.3.4"
  resolved "https://registry.yarnpkg.com/@napi-rs/magic-string-freebsd-x64/-/magic-string-freebsd-x64-0.3.4.tgz#0cdfe1a0a886b3ab5eb5f6998f3aabf08d609690"
  integrity sha512-rqduQ4odiDK4QdM45xHWRTU4wtFIfpp8g8QGpz+3qqg7ivldDqbbNOrBaf6Oeu77uuEvWggnkyuChotfKgJdJQ==

"@napi-rs/magic-string-linux-arm-gnueabihf@0.3.4":
  version "0.3.4"
  resolved "https://registry.yarnpkg.com/@napi-rs/magic-string-linux-arm-gnueabihf/-/magic-string-linux-arm-gnueabihf-0.3.4.tgz#58f0173472af7e8e592ca8197d5e2b667787a29e"
  integrity sha512-pVaJEdEpiPqIfq3M4+yMAATS7Z9muDcWYn8H7GFH1ygh8GwgLgKfy/n/lG2M6zp18Mwd0x7E2E/qg9GgCyUzoQ==

"@napi-rs/magic-string-linux-arm64-gnu@0.3.4":
  version "0.3.4"
  resolved "https://registry.yarnpkg.com/@napi-rs/magic-string-linux-arm64-gnu/-/magic-string-linux-arm64-gnu-0.3.4.tgz#7a829d2a75ff812b43d07ed247ca4d666677dd5c"
  integrity sha512-9FwoAih/0tzEZx0BjYYIxWkSRMjonIn91RFM3q3MBs/evmThXUYXUqLNa1PPIkK1JoksswtDi48qWWLt8nGflQ==

"@napi-rs/magic-string-linux-arm64-musl@0.3.4":
  version "0.3.4"
  resolved "https://registry.yarnpkg.com/@napi-rs/magic-string-linux-arm64-musl/-/magic-string-linux-arm64-musl-0.3.4.tgz#5a0b44382128c25c48fa529eccd9f46df706a34a"
  integrity sha512-wCR7R+WPOcAKmVQc1s6h6HwfwW1vL9pM8BjUY9Ljkdb8wt1LmZEmV2Sgfc1SfbRQzbyl+pKeufP6adRRQVzYDA==

"@napi-rs/magic-string-linux-x64-gnu@0.3.4":
  version "0.3.4"
  resolved "https://registry.yarnpkg.com/@napi-rs/magic-string-linux-x64-gnu/-/magic-string-linux-x64-gnu-0.3.4.tgz#2bcfef49f5a42b3b5df265d8c1ac1baf4591d35a"
  integrity sha512-sbxFDpYnt5WFbxQ1xozwOvh5A7IftqSI0WnE9O7KsQIOi0ej2dvFbfOW4tmFkvH/YP8KJELo5AhP2+kEq1DpYA==

"@napi-rs/magic-string-linux-x64-musl@0.3.4":
  version "0.3.4"
  resolved "https://registry.yarnpkg.com/@napi-rs/magic-string-linux-x64-musl/-/magic-string-linux-x64-musl-0.3.4.tgz#71f80f5fdb1cbca4dc0ff55c1b5ea171fc3eb8c4"
  integrity sha512-jN4h/7e2Ul8v3UK5IZu38NXLMdzVWhY4uEDlnwuUAhwRh26wBQ1/pLD97Uy/Z3dFNBQPcsv60XS9fOM1YDNT6w==

"@napi-rs/magic-string-win32-arm64-msvc@0.3.4":
  version "0.3.4"
  resolved "https://registry.yarnpkg.com/@napi-rs/magic-string-win32-arm64-msvc/-/magic-string-win32-arm64-msvc-0.3.4.tgz#8f1063bbedbb1491cd2748e908d92b0ab05801bf"
  integrity sha512-gMUyTRHLWpzX2ntJFCbW2Gnla9Y/WUmbkZuW5SBAo/Jo8QojHn76Y4PNgnoXdzcsV9b/45RBxurYKAfFg9WTyg==

"@napi-rs/magic-string-win32-ia32-msvc@0.3.4":
  version "0.3.4"
  resolved "https://registry.yarnpkg.com/@napi-rs/magic-string-win32-ia32-msvc/-/magic-string-win32-ia32-msvc-0.3.4.tgz#80c46a74580f0c4d05534ba9319418b6eb3629bd"
  integrity sha512-QIMauMOvEHgL00K9np/c9CT/CRtLOz3mRTQqcZ9XGzSoAMrpxH71KSpDJrKl7h7Ro6TZ+hJ0C3T+JVuTCZNv4A==

"@napi-rs/magic-string-win32-x64-msvc@0.3.4":
  version "0.3.4"
  resolved "https://registry.yarnpkg.com/@napi-rs/magic-string-win32-x64-msvc/-/magic-string-win32-x64-msvc-0.3.4.tgz#b720b6691a20bdb30d334ed6ae9879942ace427b"
  integrity sha512-V8FMSf828MzOI3P6/765MR7zHU6CUZqiyPhmAnwYoKFNxfv7oCviN/G6NcENeCdcYOvNgh5fYzaNLB96ndId5A==

"@napi-rs/magic-string@^0.3.4":
  version "0.3.4"
  resolved "https://registry.yarnpkg.com/@napi-rs/magic-string/-/magic-string-0.3.4.tgz#86c458578c857abee4ad53b7b42139774dfe6ac2"
  integrity sha512-DEWl/B99RQsyMT3F9bvrXuhL01/eIQp/dtNSE3G1jQ4mTGRcP4iHWxoPZ577WrbjUinrNgvRA5+08g8fkPgimQ==
  optionalDependencies:
    "@napi-rs/magic-string-android-arm-eabi" "0.3.4"
    "@napi-rs/magic-string-android-arm64" "0.3.4"
    "@napi-rs/magic-string-darwin-arm64" "0.3.4"
    "@napi-rs/magic-string-darwin-x64" "0.3.4"
    "@napi-rs/magic-string-freebsd-x64" "0.3.4"
    "@napi-rs/magic-string-linux-arm-gnueabihf" "0.3.4"
    "@napi-rs/magic-string-linux-arm64-gnu" "0.3.4"
    "@napi-rs/magic-string-linux-arm64-musl" "0.3.4"
    "@napi-rs/magic-string-linux-x64-gnu" "0.3.4"
    "@napi-rs/magic-string-linux-x64-musl" "0.3.4"
    "@napi-rs/magic-string-win32-arm64-msvc" "0.3.4"
    "@napi-rs/magic-string-win32-ia32-msvc" "0.3.4"
    "@napi-rs/magic-string-win32-x64-msvc" "0.3.4"

colorette@^1.2.2:
  version "1.2.2"
  resolved "https://registry.yarnpkg.com/colorette/-/colorette-1.2.2.tgz#cbcc79d5e99caea2dbf10eb3a26fd8b3e6acfa94"
  integrity sha512-MKGMzyfeuutC/ZJ1cba9NqcNpfeqMUcYmyF1ZFY6/Cn7CNSAKx6a+s48sqLqyAiZuaP2TcqMhoo+dlwFnVxT9w==

esbuild@^0.11.23:
  version "0.11.23"
  resolved "https://registry.yarnpkg.com/esbuild/-/esbuild-0.11.23.tgz#c42534f632e165120671d64db67883634333b4b8"
  integrity sha512-iaiZZ9vUF5wJV8ob1tl+5aJTrwDczlvGP0JoMmnpC2B0ppiMCu8n8gmy5ZTGl5bcG081XBVn+U+jP+mPFm5T5Q==

fsevents@~2.3.1:
  version "2.3.2"
  resolved "https://registry.yarnpkg.com/fsevents/-/fsevents-2.3.2.tgz#8a526f78b8fdf4623b709e0b975c52c24c02fd1a"
  integrity sha512-xiqMQR4xAeHTuB9uWm+fFRcIOgKBMiOBP+eXiyT7jsgVCq1bkVygt00oASowB7EdtpOHaaPgKt812P9ab+DDKA==

function-bind@^1.1.1:
  version "1.1.1"
  resolved "https://registry.yarnpkg.com/function-bind/-/function-bind-1.1.1.tgz#a56899d3ea3c9bab874bb9773b7c5ede92f4895d"
  integrity sha512-yIovAzMX49sF8Yl58fSCWJ5svSLuaibPxXQJFLmBObTuCr0Mf1KiPopGM9NiFjiYBCbfaa2Fh6breQ6ANVTI0A==

has@^1.0.3:
  version "1.0.3"
  resolved "https://registry.yarnpkg.com/has/-/has-1.0.3.tgz#722d7cbfc1f6aa8241f16dd814e011e1f41e8796"
  integrity sha512-f2dvO0VU6Oej7RkWJGrehjbzMAjFp5/VKPp5tTpWIV4JHHZK1/BxbFRtf/siA2SWTe09caDmVtYYzWEIbBS4zw==
  dependencies:
    function-bind "^1.1.1"

is-core-module@^2.2.0:
  version "2.4.0"
  resolved "https://registry.yarnpkg.com/is-core-module/-/is-core-module-2.4.0.tgz#8e9fc8e15027b011418026e98f0e6f4d86305cc1"
  integrity sha512-6A2fkfq1rfeQZjxrZJGerpLCTHRNEBiSgnu0+obeJpEPZRUooHgsizvzv0ZjJwOz3iWIHdJtVWJ/tmPr3D21/A==
  dependencies:
    has "^1.0.3"

nanoid@^3.1.23:
  version "3.1.23"
  resolved "https://registry.yarnpkg.com/nanoid/-/nanoid-3.1.23.tgz#f744086ce7c2bc47ee0a8472574d5c78e4183a81"
  integrity sha512-FiB0kzdP0FFVGDKlRLEQ1BgDzU87dy5NnzjeW9YZNt+/c3+q82EQDUwniSAUxp/F0gFNI1ZhKU1FqYsMuqZVnw==

path-parse@^1.0.6:
  version "1.0.7"
  resolved "https://registry.yarnpkg.com/path-parse/-/path-parse-1.0.7.tgz#fbc114b60ca42b30d9daf5858e4bd68bbedb6735"
  integrity sha512-LDJzPVEEEPR+y48z93A0Ed0yXb8pAByGWo/k5YYdYgpY2/2EsOsksJrq7lOHxryrVOn1ejG6oAp8ahvOIQD8sw==

postcss@^8.2.10:
  version "8.3.0"
  resolved "https://registry.yarnpkg.com/postcss/-/postcss-8.3.0.tgz#b1a713f6172ca427e3f05ef1303de8b65683325f"
  integrity sha512-+ogXpdAjWGa+fdYY5BQ96V/6tAo+TdSSIMP5huJBIygdWwKtVoB5JWZ7yUd4xZ8r+8Kvvx4nyg/PQ071H4UtcQ==
  dependencies:
    colorette "^1.2.2"
    nanoid "^3.1.23"
    source-map-js "^0.6.2"

resolve@^1.19.0:
  version "1.20.0"
  resolved "https://registry.yarnpkg.com/resolve/-/resolve-1.20.0.tgz#629a013fb3f70755d6f0b7935cc1c2c5378b1975"
  integrity sha512-wENBPt4ySzg4ybFQW2TT1zMQucPK95HSh/nq2CFTZVOGut2+pQvSsgtda4d26YrYcr067wjbmzOG8byDPBX63A==
  dependencies:
    is-core-module "^2.2.0"
    path-parse "^1.0.6"

rollup@^2.38.5:
  version "2.50.5"
  resolved "https://registry.yarnpkg.com/rollup/-/rollup-2.50.5.tgz#bbee9d6411af3f5fa5c6e7e2c69f7a65b753e568"
  integrity sha512-Ztz4NurU2LbS3Jn5rlhnYv35z6pkjBUmYKr94fOBIKINKRO6kug9NTFHArT7jqwMP2kqEZ39jJuEtkk91NBltQ==
  optionalDependencies:
    fsevents "~2.3.1"

source-map-js@^0.6.2:
  version "0.6.2"
  resolved "https://registry.yarnpkg.com/source-map-js/-/source-map-js-0.6.2.tgz#0bb5de631b41cfbda6cfba8bd05a80efdfd2385e"
  integrity sha512-/3GptzWzu0+0MBQFrDKzw/DvvMTUORvgY6k6jd/VS6iCR4RDTKWH6v6WPwQoUO8667uQEf9Oe38DxAYWY5F/Ug==

vite@^2.3.4:
  version "2.3.4"
  resolved "https://registry.yarnpkg.com/vite/-/vite-2.3.4.tgz#370118e0334725b898ff754ea43d5db4c5e120e3"
  integrity sha512-7orxrF65+Q5n/sMCnO91S8OS0gkPJ7g+y3bLlc7CPCXVswK8to1T8YycCk9SZh+AcIc0TuN6YajWTBFS5atMNA==
  dependencies:
    esbuild "^0.11.23"
    postcss "^8.2.10"
    resolve "^1.19.0"
    rollup "^2.38.5"
  optionalDependencies:
    fsevents "~2.3.1"
